
Microsoft Visual Studio Solution File, Format Version 12.00
# Visual Studio Version 17
VisualStudioVersion = 17.0.32014.148
MinimumVisualStudioVersion = 10.0.40219.1
Project("{9A19103F-16F7-4668-BE54-9A1E7A4F7556}") = "Ficha4", "Ficha4.csproj", "{5E1132CA-D5F4-4A72-9CA3-9855F8002414}"
EndProject
Global
	GlobalSection(SolutionConfigurationPlatforms) = preSolution
		Debug|Any CPU = Debug|Any CPU
		Release|Any CPU = Release|Any CPU
	EndGlobalSection
	GlobalSection(ProjectConfigurationPlatforms) = postSolution
		{5E1132CA-D5F4-4A72-9CA3-9855F8002414}.Debug|Any CPU.ActiveCfg = Debug|Any CPU
		{5E1132CA-D5F4-4A72-9CA3-9855F8002414}.Debug|Any CPU.Build.0 = Debug|Any CPU
		{5E1132CA-D5F4-4A72-9CA3-9855F8002414}.Release|Any CPU.ActiveCfg = Release|Any CPU
		{5E1132CA-D5F4-4A72-9CA3-9855F8002414}.Release|Any CPU.Build.0 = Release|Any CPU
	EndGlobalSection
	GlobalSection(SolutionProperties) = preSolution
		HideSolutionNode = FALSE
	EndGlobalSection
	GlobalSection(ExtensibilityGlobals) = postSolution
		SolutionGuid = {D8175D76-5E63-4F5F-AC2D-B070E832C53D}
	EndGlobalSection
EndGlobal
