
Microsoft Visual Studio Solution File, Format Version 12.00
# Visual Studio Version 17
VisualStudioVersion = 17.0.32014.148
MinimumVisualStudioVersion = 10.0.40219.1
Project("{9A19103F-16F7-4668-BE54-9A1E7A4F7556}") = "Ficha4", "Ficha4.csproj", "{F19A24DB-559A-4A9B-B6B3-86D5FD074F6A}"
EndProject
Project("{FAE04EC0-301F-11D3-BF4B-00C04F79EFBC}") = "Ficha5", "..\Ficha5\Ficha5.csproj", "{C19F7F51-B7DC-4FDA-AFD0-59D3C628D1A4}"
EndProject
Global
	GlobalSection(SolutionConfigurationPlatforms) = preSolution
		Debug|Any CPU = Debug|Any CPU
		Release|Any CPU = Release|Any CPU
	EndGlobalSection
	GlobalSection(ProjectConfigurationPlatforms) = postSolution
		{F19A24DB-559A-4A9B-B6B3-86D5FD074F6A}.Debug|Any CPU.ActiveCfg = Debug|Any CPU
		{F19A24DB-559A-4A9B-B6B3-86D5FD074F6A}.Debug|Any CPU.Build.0 = Debug|Any CPU
		{F19A24DB-559A-4A9B-B6B3-86D5FD074F6A}.Release|Any CPU.ActiveCfg = Release|Any CPU
		{F19A24DB-559A-4A9B-B6B3-86D5FD074F6A}.Release|Any CPU.Build.0 = Release|Any CPU
		{C19F7F51-B7DC-4FDA-AFD0-59D3C628D1A4}.Debug|Any CPU.ActiveCfg = Debug|Any CPU
		{C19F7F51-B7DC-4FDA-AFD0-59D3C628D1A4}.Debug|Any CPU.Build.0 = Debug|Any CPU
		{C19F7F51-B7DC-4FDA-AFD0-59D3C628D1A4}.Release|Any CPU.ActiveCfg = Release|Any CPU
		{C19F7F51-B7DC-4FDA-AFD0-59D3C628D1A4}.Release|Any CPU.Build.0 = Release|Any CPU
	EndGlobalSection
	GlobalSection(SolutionProperties) = preSolution
		HideSolutionNode = FALSE
	EndGlobalSection
	GlobalSection(ExtensibilityGlobals) = postSolution
		SolutionGuid = {FDDF7936-88D7-4ABE-BBB1-D2E735D834B8}
	EndGlobalSection
EndGlobal
